
Microsoft Visual Studio Solution File, Format Version 12.00
# Visual Studio Version 16
VisualStudioVersion = 16.0.31702.278
MinimumVisualStudioVersion = 10.0.40219.1
Project("{9A19103F-16F7-4668-BE54-9A1E7A4F7556}") = "Taiko Encryption Tool", "ConsoleApp11\Taiko Encryption Tool.csproj", "{8511AE8B-BFCD-44FA-8498-F572AC5FA93B}"
EndProject
Global
	GlobalSection(SolutionConfigurationPlatforms) = preSolution
		Debug|Any CPU = Debug|Any CPU
		Release|Any CPU = Release|Any CPU
	EndGlobalSection
	GlobalSection(ProjectConfigurationPlatforms) = postSolution
		{8511AE8B-BFCD-44FA-8498-F572AC5FA93B}.Debug|Any CPU.ActiveCfg = Debug|Any CPU
		{8511AE8B-BFCD-44FA-8498-F572AC5FA93B}.Debug|Any CPU.Build.0 = Debug|Any CPU
		{8511AE8B-BFCD-44FA-8498-F572AC5FA93B}.Release|Any CPU.ActiveCfg = Release|Any CPU
		{8511AE8B-BFCD-44FA-8498-F572AC5FA93B}.Release|Any CPU.Build.0 = Release|Any CPU
	EndGlobalSection
	GlobalSection(SolutionProperties) = preSolution
		HideSolutionNode = FALSE
	EndGlobalSection
	GlobalSection(ExtensibilityGlobals) = postSolution
		SolutionGuid = {0F5F44F6-C32B-49CA-8E3E-C970329DD080}
	EndGlobalSection
EndGlobal
